// !$*UTF8*$!
{
	archiveVersion = 1;
	classes = {
	};
	objectVersion = 46;
	objects = {

/* Begin PBXBuildFile section */
		61AEC6F61CC6A69300F65897 /* AppDelegate.swift in Sources */ = {isa = PBXBuildFile; fileRef = 61AEC6F51CC6A69300F65897 /* AppDelegate.swift */; };
		61AEC6F81CC6A69300F65897 /* FirstViewController.swift in Sources */ = {isa = PBXBuildFile; fileRef = 61AEC6F71CC6A69300F65897 /* FirstViewController.swift */; };
		61AEC6FA1CC6A69300F65897 /* SecondViewController.swift in Sources */ = {isa = PBXBuildFile; fileRef = 61AEC6F91CC6A69300F65897 /* SecondViewController.swift */; };
		61AEC6FD1CC6A69300F65897 /* Main.storyboard in Resources */ = {isa = PBXBuildFile; fileRef = 61AEC6FB1CC6A69300F65897 /* Main.storyboard */; };
		61AEC6FF1CC6A69300F65897 /* Assets.xcassets in Resources */ = {isa = PBXBuildFile; fileRef = 61AEC6FE1CC6A69300F65897 /* Assets.xcassets */; };
		61AEC7021CC6A69300F65897 /* LaunchScreen.storyboard in Resources */ = {isa = PBXBuildFile; fileRef = 61AEC7001CC6A69300F65897 /* LaunchScreen.storyboard */; };
		61AEC70A1CC6AB9000F65897 /* ThirdViewController.swift in Sources */ = {isa = PBXBuildFile; fileRef = 61AEC7091CC6AB9000F65897 /* ThirdViewController.swift */; };
/* End PBXBuildFile section */

/* Begin PBXFileReference section */
		61AEC6F21CC6A69300F65897 /* Pizza.app */ = {isa = PBXFileReference; explicitFileType = wrapper.application; includeInIndex = 0; path = Pizza.app; sourceTree = BUILT_PRODUCTS_DIR; };
		61AEC6F51CC6A69300F65897 /* AppDelegate.swift */ = {isa = PBXFileReference; lastKnownFileType = sourcecode.swift; path = AppDelegate.swift; sourceTree = "<group>"; };
		61AEC6F71CC6A69300F65897 /* FirstViewController.swift */ = {isa = PBXFileReference; lastKnownFileType = sourcecode.swift; path = FirstViewController.swift; sourceTree = "<group>"; };
		61AEC6F91CC6A69300F65897 /* SecondViewController.swift */ = {isa = PBXFileReference; lastKnownFileType = sourcecode.swift; path = SecondViewController.swift; sourceTree = "<group>"; };
		61AEC6FC1CC6A69300F65897 /* Base */ = {isa = PBXFileReference; lastKnownFileType = file.storyboard; name = Base; path = Base.lproj/Main.storyboard; sourceTree = "<group>"; };
		61AEC6FE1CC6A69300F65897 /* Assets.xcassets */ = {isa = PBXFileReference; lastKnownFileType = folder.assetcatalog; path = Assets.xcassets; sourceTree = "<group>"; };
		61AEC7011CC6A69300F65897 /* Base */ = {isa = PBXFileReference; lastKnownFileType = file.storyboard; name = Base; path = Base.lproj/LaunchScreen.storyboard; sourceTree = "<group>"; };
		61AEC7031CC6A69300F65897 /* Info.plist */ = {isa = PBXFileReference; lastKnownFileType = text.plist.xml; path = Info.plist; sourceTree = "<group>"; };
		61AEC7091CC6AB9000F65897 /* ThirdViewController.swift */ = {isa = PBXFileReference; fileEncoding = 4; lastKnownFileType = sourcecode.swift; path = ThirdViewController.swift; sourceTree = "<group>"; };
/* End PBXFileReference section */

/* Begin PBXFrameworksBuildPhase section */
		61AEC6EF1CC6A69300F65897 /* Frameworks */ = {
			isa = PBXFrameworksBuildPhase;
			buildActionMask = 2147483647;
			files = (
			);
			runOnlyForDeploymentPostprocessing = 0;
		};
/* End PBXFrameworksBuildPhase section */

/* Begin PBXGroup section */
		61AEC6E91CC6A69300F65897 = {
			isa = PBXGroup;
			children = (
				61AEC6F41CC6A69300F65897 /* Pizza */,
				61AEC6F31CC6A69300F65897 /* Products */,
			);
			sourceTree = "<group>";
		};
		61AEC6F31CC6A69300F65897 /* Products */ = {
			isa = PBXGroup;
			children = (
				61AEC6F21CC6A69300F65897 /* Pizza.app */,
			);
			name = Products;
			sourceTree = "<group>";
		};
		61AEC6F41CC6A69300F65897 /* Pizza */ = {
			isa = PBXGroup;
			children = (
				61AEC6F51CC6A69300F65897 /* AppDelegate.swift */,
				61AEC6F71CC6A69300F65897 /* FirstViewController.swift */,
				61AEC6F91CC6A69300F65897 /* SecondViewController.swift */,
				61AEC6FB1CC6A69300F65897 /* Main.storyboard */,
				61AEC6FE1CC6A69300F65897 /* Assets.xcassets */,
				61AEC7001CC6A69300F65897 /* LaunchScreen.storyboard */,
				61AEC7031CC6A69300F65897 /* Info.plist */,
				61AEC7091CC6AB9000F65897 /* ThirdViewController.swift */,
			);
			path = Pizza;
			sourceTree = "<group>";
		};
/* End PBXGroup section */

/* Begin PBXNativeTarget section */
		61AEC6F11CC6A69300F65897 /* Pizza */ = {
			isa = PBXNativeTarget;
			buildConfigurationList = 61AEC7061CC6A69300F65897 /* Build configuration list for PBXNativeTarget "Pizza" */;
			buildPhases = (
				61AEC6EE1CC6A69300F65897 /* Sources */,
				61AEC6EF1CC6A69300F65897 /* Frameworks */,
				61AEC6F01CC6A69300F65897 /* Resources */,
			);
			buildRules = (
			);
			dependencies = (
			);
			name = Pizza;
			productName = Pizza;
			productReference = 61AEC6F21CC6A69300F65897 /* Pizza.app */;
			productType = "com.apple.product-type.application";
		};
/* End PBXNativeTarget section */

/* Begin PBXProject section */
		61AEC6EA1CC6A69300F65897 /* Project object */ = {
			isa = PBXProject;
			attributes = {
				LastSwiftUpdateCheck = 0730;
				LastUpgradeCheck = 0730;
				ORGANIZATIONNAME = "Martin López Del Angel";
				TargetAttributes = {
					61AEC6F11CC6A69300F65897 = {
						CreatedOnToolsVersion = 7.3;
					};
				};
			};
			buildConfigurationList = 61AEC6ED1CC6A69300F65897 /* Build configuration list for PBXProject "Pizza" */;
			compatibilityVersion = "Xcode 3.2";
			developmentRegion = English;
			hasScannedForEncodings = 0;
			knownRegions = (
				en,
				Base,
			);
			mainGroup = 61AEC6E91CC6A69300F65897;
			productRefGroup = 61AEC6F31CC6A69300F65897 /* Products */;
			projectDirPath = "";
			projectRoot = "";
			targets = (
				61AEC6F11CC6A69300F65897 /* Pizza */,
			);
		};
/* End PBXProject section */

/* Begin PBXResourcesBuildPhase section */
		61AEC6F01CC6A69300F65897 /* Resources */ = {
			isa = PBXResourcesBuildPhase;
			buildActionMask = 2147483647;
			files = (
				61AEC7021CC6A69300F65897 /* LaunchScreen.storyboard in Resources */,
				61AEC6FF1CC6A69300F65897 /* Assets.xcassets in Resources */,
				61AEC6FD1CC6A69300F65897 /* Main.storyboard in Resources */,
			);
			runOnlyForDeploymentPostprocessing = 0;
		};
/* End PBXResourcesBuildPhase section */

/* Begin PBXSourcesBuildPhase section */
		61AEC6EE1CC6A69300F65897 /* Sources */ = {
			isa = PBXSourcesBuildPhase;
			buildActionMask = 2147483647;
			files = (
				61AEC6FA1CC6A69300F65897 /* SecondViewController.swift in Sources */,
				61AEC6F61CC6A69300F65897 /* AppDelegate.swift in Sources */,
				61AEC70A1CC6AB9000F65897 /* ThirdViewController.swift in Sources */,
				61AEC6F81CC6A69300F65897 /* FirstViewController.swift in Sources */,
			);
			runOnlyForDeploymentPostprocessing = 0;
		};
/* End PBXSourcesBuildPhase section */

/* Begin PBXVariantGroup section */
		61AEC6FB1CC6A69300F65897 /* Main.storyboard */ = {
			isa = PBXVariantGroup;
			children = (
				61AEC6FC1CC6A69300F65897 /* Base */,
			);
			name = Main.storyboard;
			sourceTree = "<group>";
		};
		61AEC7001CC6A69300F65897 /* LaunchScreen.storyboard */ = {
			isa = PBXVariantGroup;
			children = (
				61AEC7011CC6A69300F65897 /* Base */,
			);
			name = LaunchScreen.storyboard;
			sourceTree = "<group>";
		};
/* End PBXVariantGroup section */

/* Begin XCBuildConfiguration section */
		61AEC7041CC6A69300F65897 /* Debug */ = {
			isa = XCBuildConfiguration;
			buildSettings = {
				ALWAYS_SEARCH_USER_PATHS = NO;
				CLANG_ANALYZER_NONNULL = YES;
				CLANG_CXX_LANGUAGE_STANDARD = "gnu++0x";
				CLANG_CXX_LIBRARY = "libc++";
				CLANG_ENABLE_MODULES = YES;
				CLANG_ENABLE_OBJC_ARC = YES;
				CLANG_WARN_BOOL_CONVERSION = YES;
				CLANG_WARN_CONSTANT_CONVERSION = YES;
				CLANG_WARN_DIRECT_OBJC_ISA_USAGE = YES_ERROR;
				CLANG_WARN_EMPTY_BODY = YES;
				CLANG_WARN_ENUM_CONVERSION = YES;
				CLANG_WARN_INT_CONVERSION = YES;
				CLANG_WARN_OBJC_ROOT_CLASS = YES_ERROR;
				CLANG_WARN_UNREACHABLE_CODE = YES;
				CLANG_WARN__DUPLICATE_METHOD_MATCH = YES;
				"CODE_SIGN_IDENTITY[sdk=iphoneos*]" = "iPhone Developer";
				COPY_PHASE_STRIP = NO;
				DEBUG_INFORMATION_FORMAT = dwarf;
				ENABLE_STRICT_OBJC_MSGSEND = YES;
				ENABLE_TESTABILITY = YES;
				GCC_C_LANGUAGE_STANDARD = gnu99;
				GCC_DYNAMIC_NO_PIC = NO;
				GCC_NO_COMMON_BLOCKS = YES;
				GCC_OPTIMIZATION_LEVEL = 0;
				GCC_PREPROCESSOR_DEFINITIONS = (
					"DEBUG=1",
					"$(inherited)",
				);
				GCC_WARN_64_TO_32_BIT_CONVERSION = YES;
				GCC_WARN_ABOUT_RETURN_TYPE = YES_ERROR;
				GCC_WARN_UNDECLARED_SELECTOR = YES;
				GCC_WARN_UNINITIALIZED_AUTOS = YES_AGGRESSIVE;
				GCC_WARN_UNUSED_FUNCTION = YES;
				GCC_WARN_UNUSED_VARIABLE = YES;
				IPHONEOS_DEPLOYMENT_TARGET = 9.3;
				MTL_ENABLE_DEBUG_INFO = YES;
				ONLY_ACTIVE_ARCH = YES;
				SDKROOT = iphoneos;
				SWIFT_OPTIMIZATION_LEVEL = "-Onone";
				TARGETED_DEVICE_FAMILY = "1,2";
			};
			name = Debug;
		};
		61AEC7051CC6A69300F65897 /* Release */ = {
			isa = XCBuildConfiguration;
			buildSettings = {
				ALWAYS_SEARCH_USER_PATHS = NO;
				CLANG_ANALYZER_NONNULL = YES;
				CLANG_CXX_LANGUAGE_STANDARD = "gnu++0x";
				CLANG_CXX_LIBRARY = "libc++";
				CLANG_ENABLE_MODULES = YES;
				CLANG_ENABLE_OBJC_ARC = YES;
				CLANG_WARN_BOOL_CONVERSION = YES;
				CLANG_WARN_CONSTANT_CONVERSION = YES;
				CLANG_WARN_DIRECT_OBJC_ISA_USAGE = YES_ERROR;
				CLANG_WARN_EMPTY_BODY = YES;
				CLANG_WARN_ENUM_CONVERSION = YES;
				CLANG_WARN_INT_CONVERSION = YES;
				CLANG_WARN_OBJC_ROOT_CLASS = YES_ERROR;
				CLANG_WARN_UNREACHABLE_CODE = YES;
				CLANG_WARN__DUPLICATE_METHOD_MATCH = YES;
				"CODE_SIGN_IDENTITY[sdk=iphoneos*]" = "iPhone Developer";
				COPY_PHASE_STRIP = NO;
				DEBUG_INFORMATION_FORMAT = "dwarf-with-dsym";
				ENABLE_NS_ASSERTIONS = NO;
				ENABLE_STRICT_OBJC_MSGSEND = YES;
				GCC_C_LANGUAGE_STANDARD = gnu99;
				GCC_NO_COMMON_BLOCKS = YES;
				GCC_WARN_64_TO_32_BIT_CONVERSION = YES;
				GCC_WARN_ABOUT_RETURN_TYPE = YES_ERROR;
				GCC_WARN_UNDECLARED_SELECTOR = YES;
				GCC_WARN_UNINITIALIZED_AUTOS = YES_AGGRESSIVE;
				GCC_WARN_UNUSED_FUNCTION = YES;
				GCC_WARN_UNUSED_VARIABLE = YES;
				IPHONEOS_DEPLOYMENT_TARGET = 9.3;
				MTL_ENABLE_DEBUG_INFO = NO;
				SDKROOT = iphoneos;
				TARGETED_DEVICE_FAMILY = "1,2";
				VALIDATE_PRODUCT = YES;
			};
			name = Release;
		};
		61AEC7071CC6A69300F65897 /* Debug */ = {
			isa = XCBuildConfiguration;
			buildSettings = {
				ASSETCATALOG_COMPILER_APPICON_NAME = AppIcon;
				INFOPLIST_FILE = Pizza/Info.plist;
				LD_RUNPATH_SEARCH_PATHS = "$(inherited) @executable_path/Frameworks";
				PRODUCT_BUNDLE_IDENTIFIER = com.mlda.Pizza;
				PRODUCT_NAME = "$(TARGET_NAME)";
			};
			name = Debug;
		};
		61AEC7081CC6A69300F65897 /* Release */ = {
			isa = XCBuildConfiguration;
			buildSettings = {
				ASSETCATALOG_COMPILER_APPICON_NAME = AppIcon;
				INFOPLIST_FILE = Pizza/Info.plist;
				LD_RUNPATH_SEARCH_PATHS = "$(inherited) @executable_path/Frameworks";
				PRODUCT_BUNDLE_IDENTIFIER = com.mlda.Pizza;
				PRODUCT_NAME = "$(TARGET_NAME)";
			};
			name = Release;
		};
/* End XCBuildConfiguration section */

/* Begin XCConfigurationList section */
		61AEC6ED1CC6A69300F65897 /* Build configuration list for PBXProject "Pizza" */ = {
			isa = XCConfigurationList;
			buildConfigurations = (
				61AEC7041CC6A69300F65897 /* Debug */,
				61AEC7051CC6A69300F65897 /* Release */,
			);
			defaultConfigurationIsVisible = 0;
			defaultConfigurationName = Release;
		};
		61AEC7061CC6A69300F65897 /* Build configuration list for PBXNativeTarget "Pizza" */ = {
			isa = XCConfigurationList;
			buildConfigurations = (
				61AEC7071CC6A69300F65897 /* Debug */,
				61AEC7081CC6A69300F65897 /* Release */,
			);
			defaultConfigurationIsVisible = 0;
		};
/* End XCConfigurationList section */
	};
	rootObject = 61AEC6EA1CC6A69300F65897 /* Project object */;
}
