// !$*UTF8*$!
{
	archiveVersion = 1;
	classes = {
	};
	objectVersion = 46;
	objects = {

/* Begin PBXBuildFile section */
		61178D691CBC144B00D30DC1 /* VistaResultados.swift in Sources */ = {isa = PBXBuildFile; fileRef = 61178D681CBC144B00D30DC1 /* VistaResultados.swift */; };
		61CB514C1CB80228000C17D7 /* AppDelegate.swift in Sources */ = {isa = PBXBuildFile; fileRef = 61CB514B1CB80228000C17D7 /* AppDelegate.swift */; };
		61CB514E1CB80228000C17D7 /* ViewController.swift in Sources */ = {isa = PBXBuildFile; fileRef = 61CB514D1CB80228000C17D7 /* ViewController.swift */; };
		61CB51511CB80228000C17D7 /* Main.storyboard in Resources */ = {isa = PBXBuildFile; fileRef = 61CB514F1CB80228000C17D7 /* Main.storyboard */; };
		61CB51531CB80228000C17D7 /* Assets.xcassets in Resources */ = {isa = PBXBuildFile; fileRef = 61CB51521CB80228000C17D7 /* Assets.xcassets */; };
		61CB51561CB80228000C17D7 /* LaunchScreen.storyboard in Resources */ = {isa = PBXBuildFile; fileRef = 61CB51541CB80228000C17D7 /* LaunchScreen.storyboard */; };
/* End PBXBuildFile section */

/* Begin PBXFileReference section */
		61178D681CBC144B00D30DC1 /* VistaResultados.swift */ = {isa = PBXFileReference; fileEncoding = 4; lastKnownFileType = sourcecode.swift; path = VistaResultados.swift; sourceTree = "<group>"; };
		61CB51481CB80228000C17D7 /* CalculadoraIMC.app */ = {isa = PBXFileReference; explicitFileType = wrapper.application; includeInIndex = 0; path = CalculadoraIMC.app; sourceTree = BUILT_PRODUCTS_DIR; };
		61CB514B1CB80228000C17D7 /* AppDelegate.swift */ = {isa = PBXFileReference; lastKnownFileType = sourcecode.swift; path = AppDelegate.swift; sourceTree = "<group>"; };
		61CB514D1CB80228000C17D7 /* ViewController.swift */ = {isa = PBXFileReference; lastKnownFileType = sourcecode.swift; path = ViewController.swift; sourceTree = "<group>"; };
		61CB51501CB80228000C17D7 /* Base */ = {isa = PBXFileReference; lastKnownFileType = file.storyboard; name = Base; path = Base.lproj/Main.storyboard; sourceTree = "<group>"; };
		61CB51521CB80228000C17D7 /* Assets.xcassets */ = {isa = PBXFileReference; lastKnownFileType = folder.assetcatalog; path = Assets.xcassets; sourceTree = "<group>"; };
		61CB51551CB80228000C17D7 /* Base */ = {isa = PBXFileReference; lastKnownFileType = file.storyboard; name = Base; path = Base.lproj/LaunchScreen.storyboard; sourceTree = "<group>"; };
		61CB51571CB80228000C17D7 /* Info.plist */ = {isa = PBXFileReference; lastKnownFileType = text.plist.xml; path = Info.plist; sourceTree = "<group>"; };
/* End PBXFileReference section */

/* Begin PBXFrameworksBuildPhase section */
		61CB51451CB80228000C17D7 /* Frameworks */ = {
			isa = PBXFrameworksBuildPhase;
			buildActionMask = 2147483647;
			files = (
			);
			runOnlyForDeploymentPostprocessing = 0;
		};
/* End PBXFrameworksBuildPhase section */

/* Begin PBXGroup section */
		61CB513F1CB80228000C17D7 = {
			isa = PBXGroup;
			children = (
				61CB514A1CB80228000C17D7 /* CalculadoraIMC */,
				61CB51491CB80228000C17D7 /* Products */,
			);
			sourceTree = "<group>";
		};
		61CB51491CB80228000C17D7 /* Products */ = {
			isa = PBXGroup;
			children = (
				61CB51481CB80228000C17D7 /* CalculadoraIMC.app */,
			);
			name = Products;
			sourceTree = "<group>";
		};
		61CB514A1CB80228000C17D7 /* CalculadoraIMC */ = {
			isa = PBXGroup;
			children = (
				61CB514B1CB80228000C17D7 /* AppDelegate.swift */,
				61CB514D1CB80228000C17D7 /* ViewController.swift */,
				61CB514F1CB80228000C17D7 /* Main.storyboard */,
				61CB51521CB80228000C17D7 /* Assets.xcassets */,
				61CB51541CB80228000C17D7 /* LaunchScreen.storyboard */,
				61CB51571CB80228000C17D7 /* Info.plist */,
				61178D681CBC144B00D30DC1 /* VistaResultados.swift */,
			);
			path = CalculadoraIMC;
			sourceTree = "<group>";
		};
/* End PBXGroup section */

/* Begin PBXNativeTarget section */
		61CB51471CB80228000C17D7 /* CalculadoraIMC */ = {
			isa = PBXNativeTarget;
			buildConfigurationList = 61CB515A1CB80228000C17D7 /* Build configuration list for PBXNativeTarget "CalculadoraIMC" */;
			buildPhases = (
				61CB51441CB80228000C17D7 /* Sources */,
				61CB51451CB80228000C17D7 /* Frameworks */,
				61CB51461CB80228000C17D7 /* Resources */,
			);
			buildRules = (
			);
			dependencies = (
			);
			name = CalculadoraIMC;
			productName = CalculadoraIMC;
			productReference = 61CB51481CB80228000C17D7 /* CalculadoraIMC.app */;
			productType = "com.apple.product-type.application";
		};
/* End PBXNativeTarget section */

/* Begin PBXProject section */
		61CB51401CB80228000C17D7 /* Project object */ = {
			isa = PBXProject;
			attributes = {
				LastSwiftUpdateCheck = 0720;
				LastUpgradeCheck = 0720;
				ORGANIZATIONNAME = "Martin López Del Angel";
				TargetAttributes = {
					61CB51471CB80228000C17D7 = {
						CreatedOnToolsVersion = 7.2.1;
					};
				};
			};
			buildConfigurationList = 61CB51431CB80228000C17D7 /* Build configuration list for PBXProject "CalculadoraIMC" */;
			compatibilityVersion = "Xcode 3.2";
			developmentRegion = English;
			hasScannedForEncodings = 0;
			knownRegions = (
				en,
				Base,
			);
			mainGroup = 61CB513F1CB80228000C17D7;
			productRefGroup = 61CB51491CB80228000C17D7 /* Products */;
			projectDirPath = "";
			projectRoot = "";
			targets = (
				61CB51471CB80228000C17D7 /* CalculadoraIMC */,
			);
		};
/* End PBXProject section */

/* Begin PBXResourcesBuildPhase section */
		61CB51461CB80228000C17D7 /* Resources */ = {
			isa = PBXResourcesBuildPhase;
			buildActionMask = 2147483647;
			files = (
				61CB51561CB80228000C17D7 /* LaunchScreen.storyboard in Resources */,
				61CB51531CB80228000C17D7 /* Assets.xcassets in Resources */,
				61CB51511CB80228000C17D7 /* Main.storyboard in Resources */,
			);
			runOnlyForDeploymentPostprocessing = 0;
		};
/* End PBXResourcesBuildPhase section */

/* Begin PBXSourcesBuildPhase section */
		61CB51441CB80228000C17D7 /* Sources */ = {
			isa = PBXSourcesBuildPhase;
			buildActionMask = 2147483647;
			files = (
				61CB514E1CB80228000C17D7 /* ViewController.swift in Sources */,
				61CB514C1CB80228000C17D7 /* AppDelegate.swift in Sources */,
				61178D691CBC144B00D30DC1 /* VistaResultados.swift in Sources */,
			);
			runOnlyForDeploymentPostprocessing = 0;
		};
/* End PBXSourcesBuildPhase section */

/* Begin PBXVariantGroup section */
		61CB514F1CB80228000C17D7 /* Main.storyboard */ = {
			isa = PBXVariantGroup;
			children = (
				61CB51501CB80228000C17D7 /* Base */,
			);
			name = Main.storyboard;
			sourceTree = "<group>";
		};
		61CB51541CB80228000C17D7 /* LaunchScreen.storyboard */ = {
			isa = PBXVariantGroup;
			children = (
				61CB51551CB80228000C17D7 /* Base */,
			);
			name = LaunchScreen.storyboard;
			sourceTree = "<group>";
		};
/* End PBXVariantGroup section */

/* Begin XCBuildConfiguration section */
		61CB51581CB80228000C17D7 /* Debug */ = {
			isa = XCBuildConfiguration;
			buildSettings = {
				ALWAYS_SEARCH_USER_PATHS = NO;
				CLANG_CXX_LANGUAGE_STANDARD = "gnu++0x";
				CLANG_CXX_LIBRARY = "libc++";
				CLANG_ENABLE_MODULES = YES;
				CLANG_ENABLE_OBJC_ARC = YES;
				CLANG_WARN_BOOL_CONVERSION = YES;
				CLANG_WARN_CONSTANT_CONVERSION = YES;
				CLANG_WARN_DIRECT_OBJC_ISA_USAGE = YES_ERROR;
				CLANG_WARN_EMPTY_BODY = YES;
				CLANG_WARN_ENUM_CONVERSION = YES;
				CLANG_WARN_INT_CONVERSION = YES;
				CLANG_WARN_OBJC_ROOT_CLASS = YES_ERROR;
				CLANG_WARN_UNREACHABLE_CODE = YES;
				CLANG_WARN__DUPLICATE_METHOD_MATCH = YES;
				"CODE_SIGN_IDENTITY[sdk=iphoneos*]" = "iPhone Developer";
				COPY_PHASE_STRIP = NO;
				DEBUG_INFORMATION_FORMAT = dwarf;
				ENABLE_STRICT_OBJC_MSGSEND = YES;
				ENABLE_TESTABILITY = YES;
				GCC_C_LANGUAGE_STANDARD = gnu99;
				GCC_DYNAMIC_NO_PIC = NO;
				GCC_NO_COMMON_BLOCKS = YES;
				GCC_OPTIMIZATION_LEVEL = 0;
				GCC_PREPROCESSOR_DEFINITIONS = (
					"DEBUG=1",
					"$(inherited)",
				);
				GCC_WARN_64_TO_32_BIT_CONVERSION = YES;
				GCC_WARN_ABOUT_RETURN_TYPE = YES_ERROR;
				GCC_WARN_UNDECLARED_SELECTOR = YES;
				GCC_WARN_UNINITIALIZED_AUTOS = YES_AGGRESSIVE;
				GCC_WARN_UNUSED_FUNCTION = YES;
				GCC_WARN_UNUSED_VARIABLE = YES;
				IPHONEOS_DEPLOYMENT_TARGET = 9.2;
				MTL_ENABLE_DEBUG_INFO = YES;
				ONLY_ACTIVE_ARCH = YES;
				SDKROOT = iphoneos;
				SWIFT_OPTIMIZATION_LEVEL = "-Onone";
				TARGETED_DEVICE_FAMILY = "1,2";
			};
			name = Debug;
		};
		61CB51591CB80228000C17D7 /* Release */ = {
			isa = XCBuildConfiguration;
			buildSettings = {
				ALWAYS_SEARCH_USER_PATHS = NO;
				CLANG_CXX_LANGUAGE_STANDARD = "gnu++0x";
				CLANG_CXX_LIBRARY = "libc++";
				CLANG_ENABLE_MODULES = YES;
				CLANG_ENABLE_OBJC_ARC = YES;
				CLANG_WARN_BOOL_CONVERSION = YES;
				CLANG_WARN_CONSTANT_CONVERSION = YES;
				CLANG_WARN_DIRECT_OBJC_ISA_USAGE = YES_ERROR;
				CLANG_WARN_EMPTY_BODY = YES;
				CLANG_WARN_ENUM_CONVERSION = YES;
				CLANG_WARN_INT_CONVERSION = YES;
				CLANG_WARN_OBJC_ROOT_CLASS = YES_ERROR;
				CLANG_WARN_UNREACHABLE_CODE = YES;
				CLANG_WARN__DUPLICATE_METHOD_MATCH = YES;
				"CODE_SIGN_IDENTITY[sdk=iphoneos*]" = "iPhone Developer";
				COPY_PHASE_STRIP = NO;
				DEBUG_INFORMATION_FORMAT = "dwarf-with-dsym";
				ENABLE_NS_ASSERTIONS = NO;
				ENABLE_STRICT_OBJC_MSGSEND = YES;
				GCC_C_LANGUAGE_STANDARD = gnu99;
				GCC_NO_COMMON_BLOCKS = YES;
				GCC_WARN_64_TO_32_BIT_CONVERSION = YES;
				GCC_WARN_ABOUT_RETURN_TYPE = YES_ERROR;
				GCC_WARN_UNDECLARED_SELECTOR = YES;
				GCC_WARN_UNINITIALIZED_AUTOS = YES_AGGRESSIVE;
				GCC_WARN_UNUSED_FUNCTION = YES;
				GCC_WARN_UNUSED_VARIABLE = YES;
				IPHONEOS_DEPLOYMENT_TARGET = 9.2;
				MTL_ENABLE_DEBUG_INFO = NO;
				SDKROOT = iphoneos;
				TARGETED_DEVICE_FAMILY = "1,2";
				VALIDATE_PRODUCT = YES;
			};
			name = Release;
		};
		61CB515B1CB80228000C17D7 /* Debug */ = {
			isa = XCBuildConfiguration;
			buildSettings = {
				ASSETCATALOG_COMPILER_APPICON_NAME = AppIcon;
				INFOPLIST_FILE = CalculadoraIMC/Info.plist;
				LD_RUNPATH_SEARCH_PATHS = "$(inherited) @executable_path/Frameworks";
				PRODUCT_BUNDLE_IDENTIFIER = com.mlda.CalculadoraIMC;
				PRODUCT_NAME = "$(TARGET_NAME)";
			};
			name = Debug;
		};
		61CB515C1CB80228000C17D7 /* Release */ = {
			isa = XCBuildConfiguration;
			buildSettings = {
				ASSETCATALOG_COMPILER_APPICON_NAME = AppIcon;
				INFOPLIST_FILE = CalculadoraIMC/Info.plist;
				LD_RUNPATH_SEARCH_PATHS = "$(inherited) @executable_path/Frameworks";
				PRODUCT_BUNDLE_IDENTIFIER = com.mlda.CalculadoraIMC;
				PRODUCT_NAME = "$(TARGET_NAME)";
			};
			name = Release;
		};
/* End XCBuildConfiguration section */

/* Begin XCConfigurationList section */
		61CB51431CB80228000C17D7 /* Build configuration list for PBXProject "CalculadoraIMC" */ = {
			isa = XCConfigurationList;
			buildConfigurations = (
				61CB51581CB80228000C17D7 /* Debug */,
				61CB51591CB80228000C17D7 /* Release */,
			);
			defaultConfigurationIsVisible = 0;
			defaultConfigurationName = Release;
		};
		61CB515A1CB80228000C17D7 /* Build configuration list for PBXNativeTarget "CalculadoraIMC" */ = {
			isa = XCConfigurationList;
			buildConfigurations = (
				61CB515B1CB80228000C17D7 /* Debug */,
				61CB515C1CB80228000C17D7 /* Release */,
			);
			defaultConfigurationIsVisible = 0;
			defaultConfigurationName = Release;
		};
/* End XCConfigurationList section */
	};
	rootObject = 61CB51401CB80228000C17D7 /* Project object */;
}
